
Microsoft Visual Studio Solution File, Format Version 12.00
# Visual Studio Version 17
VisualStudioVersion = 17.1.32319.34
MinimumVisualStudioVersion = 10.0.40219.1
Project("{9A19103F-16F7-4668-BE54-9A1E7A4F7556}") = "PixelService", "src\Services\PixelService\PixelService.csproj", "{C6D00077-3B71-4705-BDB1-998625E41EDF}"
EndProject
Project("{2150E333-8FDC-42A3-9474-1A3956D46DE8}") = "src", "src", "{082BCAFE-50ED-44E3-8200-ECACBA08223B}"
EndProject
Project("{2150E333-8FDC-42A3-9474-1A3956D46DE8}") = "Services", "Services", "{6C465785-EF6E-4DA9-95C2-CA7F20E68829}"
EndProject
Project("{2150E333-8FDC-42A3-9474-1A3956D46DE8}") = "Common", "Common", "{B39F79E6-54E7-4B0B-A57A-B7D9A5663FBB}"
EndProject
Project("{9A19103F-16F7-4668-BE54-9A1E7A4F7556}") = "Communication.Contracts", "src\Common\Communication.Contracts\Communication.Contracts.csproj", "{645A5B22-EC42-4443-BB49-C4E04EF05506}"
EndProject
Project("{2150E333-8FDC-42A3-9474-1A3956D46DE8}") = "Solution Items", "Solution Items", "{07B1C041-64E7-420E-A0CC-E89DB2DD0D83}"
	ProjectSection(SolutionItems) = preProject
		docker-compose.yaml = docker-compose.yaml
	EndProjectSection
EndProject
Project("{FAE04EC0-301F-11D3-BF4B-00C04F79EFBC}") = "StorageService", "src\Services\StorageService\StorageService.csproj", "{99E41B86-93BE-4ED2-B0F9-4EE70A9464F9}"
EndProject
Project("{FAE04EC0-301F-11D3-BF4B-00C04F79EFBC}") = "Configuration.RabbitMq", "src\Common\Configuration.RabbitMq\Configuration.RabbitMq.csproj", "{0A1CC425-E625-4C32-87F0-3DC1F7A3AD49}"
EndProject
Global
	GlobalSection(SolutionConfigurationPlatforms) = preSolution
		Debug|Any CPU = Debug|Any CPU
		Release|Any CPU = Release|Any CPU
	EndGlobalSection
	GlobalSection(ProjectConfigurationPlatforms) = postSolution
		{C6D00077-3B71-4705-BDB1-998625E41EDF}.Debug|Any CPU.ActiveCfg = Debug|Any CPU
		{C6D00077-3B71-4705-BDB1-998625E41EDF}.Debug|Any CPU.Build.0 = Debug|Any CPU
		{C6D00077-3B71-4705-BDB1-998625E41EDF}.Release|Any CPU.ActiveCfg = Release|Any CPU
		{C6D00077-3B71-4705-BDB1-998625E41EDF}.Release|Any CPU.Build.0 = Release|Any CPU
		{645A5B22-EC42-4443-BB49-C4E04EF05506}.Debug|Any CPU.ActiveCfg = Debug|Any CPU
		{645A5B22-EC42-4443-BB49-C4E04EF05506}.Debug|Any CPU.Build.0 = Debug|Any CPU
		{645A5B22-EC42-4443-BB49-C4E04EF05506}.Release|Any CPU.ActiveCfg = Release|Any CPU
		{645A5B22-EC42-4443-BB49-C4E04EF05506}.Release|Any CPU.Build.0 = Release|Any CPU
		{99E41B86-93BE-4ED2-B0F9-4EE70A9464F9}.Debug|Any CPU.ActiveCfg = Debug|Any CPU
		{99E41B86-93BE-4ED2-B0F9-4EE70A9464F9}.Debug|Any CPU.Build.0 = Debug|Any CPU
		{99E41B86-93BE-4ED2-B0F9-4EE70A9464F9}.Release|Any CPU.ActiveCfg = Release|Any CPU
		{99E41B86-93BE-4ED2-B0F9-4EE70A9464F9}.Release|Any CPU.Build.0 = Release|Any CPU
		{0A1CC425-E625-4C32-87F0-3DC1F7A3AD49}.Debug|Any CPU.ActiveCfg = Debug|Any CPU
		{0A1CC425-E625-4C32-87F0-3DC1F7A3AD49}.Debug|Any CPU.Build.0 = Debug|Any CPU
		{0A1CC425-E625-4C32-87F0-3DC1F7A3AD49}.Release|Any CPU.ActiveCfg = Release|Any CPU
		{0A1CC425-E625-4C32-87F0-3DC1F7A3AD49}.Release|Any CPU.Build.0 = Release|Any CPU
	EndGlobalSection
	GlobalSection(SolutionProperties) = preSolution
		HideSolutionNode = FALSE
	EndGlobalSection
	GlobalSection(NestedProjects) = preSolution
		{C6D00077-3B71-4705-BDB1-998625E41EDF} = {6C465785-EF6E-4DA9-95C2-CA7F20E68829}
		{6C465785-EF6E-4DA9-95C2-CA7F20E68829} = {082BCAFE-50ED-44E3-8200-ECACBA08223B}
		{B39F79E6-54E7-4B0B-A57A-B7D9A5663FBB} = {082BCAFE-50ED-44E3-8200-ECACBA08223B}
		{645A5B22-EC42-4443-BB49-C4E04EF05506} = {B39F79E6-54E7-4B0B-A57A-B7D9A5663FBB}
		{99E41B86-93BE-4ED2-B0F9-4EE70A9464F9} = {6C465785-EF6E-4DA9-95C2-CA7F20E68829}
		{0A1CC425-E625-4C32-87F0-3DC1F7A3AD49} = {B39F79E6-54E7-4B0B-A57A-B7D9A5663FBB}
	EndGlobalSection
	GlobalSection(ExtensibilityGlobals) = postSolution
		SolutionGuid = {D5B6A35E-5845-42AA-A0C2-5DBD4AA41296}
	EndGlobalSection
EndGlobal
